
Microsoft Visual Studio Solution File, Format Version 12.00
# Visual Studio Version 17
VisualStudioVersion = 17.12.35527.113 d17.12
MinimumVisualStudioVersion = 10.0.40219.1
Project("{FAE04EC0-301F-11D3-BF4B-00C04F79EFBC}") = "NoHidden", "NoHidden\NoHidden.csproj", "{DA07D224-EC0C-4A0B-8E1D-4A7DFBF530E0}"
EndProject
Project("{FAE04EC0-301F-11D3-BF4B-00C04F79EFBC}") = "NoHidden.Core", "NoHidden.Core\NoHidden.Core.csproj", "{A17807E8-C497-4A32-9B7B-E61EF60A75D4}"
EndProject
Project("{FAE04EC0-301F-11D3-BF4B-00C04F79EFBC}") = "NoHidden.ScannerSmokeTests", "tests\NoHidden.ScannerSmokeTests\NoHidden.ScannerSmokeTests.csproj", "{5D1A9D79-4D0C-4A24-A09B-7B2D447E4C90}"
EndProject
Global
	GlobalSection(SolutionConfigurationPlatforms) = preSolution
		Debug|Any CPU = Debug|Any CPU
		Release|Any CPU = Release|Any CPU
	EndGlobalSection
	GlobalSection(ProjectConfigurationPlatforms) = postSolution
		{DA07D224-EC0C-4A0B-8E1D-4A7DFBF530E0}.Debug|Any CPU.ActiveCfg = Debug|Any CPU
		{DA07D224-EC0C-4A0B-8E1D-4A7DFBF530E0}.Debug|Any CPU.Build.0 = Debug|Any CPU
		{DA07D224-EC0C-4A0B-8E1D-4A7DFBF530E0}.Release|Any CPU.ActiveCfg = Release|Any CPU
		{DA07D224-EC0C-4A0B-8E1D-4A7DFBF530E0}.Release|Any CPU.Build.0 = Release|Any CPU
		{A17807E8-C497-4A32-9B7B-E61EF60A75D4}.Debug|Any CPU.ActiveCfg = Debug|Any CPU
		{A17807E8-C497-4A32-9B7B-E61EF60A75D4}.Debug|Any CPU.Build.0 = Debug|Any CPU
		{A17807E8-C497-4A32-9B7B-E61EF60A75D4}.Release|Any CPU.ActiveCfg = Release|Any CPU
		{A17807E8-C497-4A32-9B7B-E61EF60A75D4}.Release|Any CPU.Build.0 = Release|Any CPU
		{5D1A9D79-4D0C-4A24-A09B-7B2D447E4C90}.Debug|Any CPU.ActiveCfg = Debug|Any CPU
		{5D1A9D79-4D0C-4A24-A09B-7B2D447E4C90}.Debug|Any CPU.Build.0 = Debug|Any CPU
		{5D1A9D79-4D0C-4A24-A09B-7B2D447E4C90}.Release|Any CPU.ActiveCfg = Release|Any CPU
		{5D1A9D79-4D0C-4A24-A09B-7B2D447E4C90}.Release|Any CPU.Build.0 = Release|Any CPU
	EndGlobalSection
	GlobalSection(SolutionProperties) = preSolution
		HideSolutionNode = FALSE
	EndGlobalSection
EndGlobal
